
Microsoft Visual Studio Solution File, Format Version 12.00
# Visual Studio Version 17
VisualStudioVersion = 17.0.31903.59
MinimumVisualStudioVersion = 10.0.40219.1
Project("{2150E333-8FDC-42A3-9474-1A3956D46DE8}") = "src", "src", "{827E0CD3-B72D-47B6-A68D-7590B98EB39B}"
EndProject
Project("{FAE04EC0-301F-11D3-BF4B-00C04F79EFBC}") = "Buriza.UI", "src\Buriza.UI\Buriza.UI.csproj", "{36BEC183-BA3B-4FC5-96D2-A91EA9A7EA06}"
EndProject
Project("{FAE04EC0-301F-11D3-BF4B-00C04F79EFBC}") = "Buriza.Extension", "src\Buriza.Extension\Buriza.Extension.csproj", "{B764BA73-8A59-449C-8D1A-FC2B0E188678}"
EndProject
Project("{FAE04EC0-301F-11D3-BF4B-00C04F79EFBC}") = "Buriza.Web", "src\Buriza.Web\Buriza.Web.csproj", "{6744B618-6573-4AB5-9869-A18397F75214}"
EndProject
Project("{FAE04EC0-301F-11D3-BF4B-00C04F79EFBC}") = "Buriza.App", "src\Buriza.App\Buriza.App.csproj", "{8A51672C-1DC2-4BC4-B708-B1FC3696DE21}"
EndProject
Project("{FAE04EC0-301F-11D3-BF4B-00C04F79EFBC}") = "Buriza.Data", "src\Buriza.Data\Buriza.Data.csproj", "{D7CE3C4E-3332-4855-ACC1-01A6674E991C}"
EndProject
Global
	GlobalSection(SolutionConfigurationPlatforms) = preSolution
		Debug|Any CPU = Debug|Any CPU
		Debug|x64 = Debug|x64
		Debug|x86 = Debug|x86
		Release|Any CPU = Release|Any CPU
		Release|x64 = Release|x64
		Release|x86 = Release|x86
	EndGlobalSection
	GlobalSection(ProjectConfigurationPlatforms) = postSolution
		{36BEC183-BA3B-4FC5-96D2-A91EA9A7EA06}.Debug|Any CPU.ActiveCfg = Debug|Any CPU
		{36BEC183-BA3B-4FC5-96D2-A91EA9A7EA06}.Debug|Any CPU.Build.0 = Debug|Any CPU
		{36BEC183-BA3B-4FC5-96D2-A91EA9A7EA06}.Debug|x64.ActiveCfg = Debug|Any CPU
		{36BEC183-BA3B-4FC5-96D2-A91EA9A7EA06}.Debug|x64.Build.0 = Debug|Any CPU
		{36BEC183-BA3B-4FC5-96D2-A91EA9A7EA06}.Debug|x86.ActiveCfg = Debug|Any CPU
		{36BEC183-BA3B-4FC5-96D2-A91EA9A7EA06}.Debug|x86.Build.0 = Debug|Any CPU
		{36BEC183-BA3B-4FC5-96D2-A91EA9A7EA06}.Release|Any CPU.ActiveCfg = Release|Any CPU
		{36BEC183-BA3B-4FC5-96D2-A91EA9A7EA06}.Release|Any CPU.Build.0 = Release|Any CPU
		{36BEC183-BA3B-4FC5-96D2-A91EA9A7EA06}.Release|x64.ActiveCfg = Release|Any CPU
		{36BEC183-BA3B-4FC5-96D2-A91EA9A7EA06}.Release|x64.Build.0 = Release|Any CPU
		{36BEC183-BA3B-4FC5-96D2-A91EA9A7EA06}.Release|x86.ActiveCfg = Release|Any CPU
		{36BEC183-BA3B-4FC5-96D2-A91EA9A7EA06}.Release|x86.Build.0 = Release|Any CPU
		{B764BA73-8A59-449C-8D1A-FC2B0E188678}.Debug|Any CPU.ActiveCfg = Debug|Any CPU
		{B764BA73-8A59-449C-8D1A-FC2B0E188678}.Debug|Any CPU.Build.0 = Debug|Any CPU
		{B764BA73-8A59-449C-8D1A-FC2B0E188678}.Debug|x64.ActiveCfg = Debug|Any CPU
		{B764BA73-8A59-449C-8D1A-FC2B0E188678}.Debug|x64.Build.0 = Debug|Any CPU
		{B764BA73-8A59-449C-8D1A-FC2B0E188678}.Debug|x86.ActiveCfg = Debug|Any CPU
		{B764BA73-8A59-449C-8D1A-FC2B0E188678}.Debug|x86.Build.0 = Debug|Any CPU
		{B764BA73-8A59-449C-8D1A-FC2B0E188678}.Release|Any CPU.ActiveCfg = Release|Any CPU
		{B764BA73-8A59-449C-8D1A-FC2B0E188678}.Release|Any CPU.Build.0 = Release|Any CPU
		{B764BA73-8A59-449C-8D1A-FC2B0E188678}.Release|x64.ActiveCfg = Release|Any CPU
		{B764BA73-8A59-449C-8D1A-FC2B0E188678}.Release|x64.Build.0 = Release|Any CPU
		{B764BA73-8A59-449C-8D1A-FC2B0E188678}.Release|x86.ActiveCfg = Release|Any CPU
		{B764BA73-8A59-449C-8D1A-FC2B0E188678}.Release|x86.Build.0 = Release|Any CPU
		{6744B618-6573-4AB5-9869-A18397F75214}.Debug|Any CPU.ActiveCfg = Debug|Any CPU
		{6744B618-6573-4AB5-9869-A18397F75214}.Debug|Any CPU.Build.0 = Debug|Any CPU
		{6744B618-6573-4AB5-9869-A18397F75214}.Debug|x64.ActiveCfg = Debug|Any CPU
		{6744B618-6573-4AB5-9869-A18397F75214}.Debug|x64.Build.0 = Debug|Any CPU
		{6744B618-6573-4AB5-9869-A18397F75214}.Debug|x86.ActiveCfg = Debug|Any CPU
		{6744B618-6573-4AB5-9869-A18397F75214}.Debug|x86.Build.0 = Debug|Any CPU
		{6744B618-6573-4AB5-9869-A18397F75214}.Release|Any CPU.ActiveCfg = Release|Any CPU
		{6744B618-6573-4AB5-9869-A18397F75214}.Release|Any CPU.Build.0 = Release|Any CPU
		{6744B618-6573-4AB5-9869-A18397F75214}.Release|x64.ActiveCfg = Release|Any CPU
		{6744B618-6573-4AB5-9869-A18397F75214}.Release|x64.Build.0 = Release|Any CPU
		{6744B618-6573-4AB5-9869-A18397F75214}.Release|x86.ActiveCfg = Release|Any CPU
		{6744B618-6573-4AB5-9869-A18397F75214}.Release|x86.Build.0 = Release|Any CPU
		{8A51672C-1DC2-4BC4-B708-B1FC3696DE21}.Debug|Any CPU.ActiveCfg = Debug|Any CPU
		{8A51672C-1DC2-4BC4-B708-B1FC3696DE21}.Debug|Any CPU.Build.0 = Debug|Any CPU
		{8A51672C-1DC2-4BC4-B708-B1FC3696DE21}.Debug|x64.ActiveCfg = Debug|Any CPU
		{8A51672C-1DC2-4BC4-B708-B1FC3696DE21}.Debug|x64.Build.0 = Debug|Any CPU
		{8A51672C-1DC2-4BC4-B708-B1FC3696DE21}.Debug|x86.ActiveCfg = Debug|Any CPU
		{8A51672C-1DC2-4BC4-B708-B1FC3696DE21}.Debug|x86.Build.0 = Debug|Any CPU
		{8A51672C-1DC2-4BC4-B708-B1FC3696DE21}.Release|Any CPU.ActiveCfg = Release|Any CPU
		{8A51672C-1DC2-4BC4-B708-B1FC3696DE21}.Release|Any CPU.Build.0 = Release|Any CPU
		{8A51672C-1DC2-4BC4-B708-B1FC3696DE21}.Release|x64.ActiveCfg = Release|Any CPU
		{8A51672C-1DC2-4BC4-B708-B1FC3696DE21}.Release|x64.Build.0 = Release|Any CPU
		{8A51672C-1DC2-4BC4-B708-B1FC3696DE21}.Release|x86.ActiveCfg = Release|Any CPU
		{8A51672C-1DC2-4BC4-B708-B1FC3696DE21}.Release|x86.Build.0 = Release|Any CPU
		{D7CE3C4E-3332-4855-ACC1-01A6674E991C}.Debug|Any CPU.ActiveCfg = Debug|Any CPU
		{D7CE3C4E-3332-4855-ACC1-01A6674E991C}.Debug|Any CPU.Build.0 = Debug|Any CPU
		{D7CE3C4E-3332-4855-ACC1-01A6674E991C}.Debug|x64.ActiveCfg = Debug|Any CPU
		{D7CE3C4E-3332-4855-ACC1-01A6674E991C}.Debug|x64.Build.0 = Debug|Any CPU
		{D7CE3C4E-3332-4855-ACC1-01A6674E991C}.Debug|x86.ActiveCfg = Debug|Any CPU
		{D7CE3C4E-3332-4855-ACC1-01A6674E991C}.Debug|x86.Build.0 = Debug|Any CPU
		{D7CE3C4E-3332-4855-ACC1-01A6674E991C}.Release|Any CPU.ActiveCfg = Release|Any CPU
		{D7CE3C4E-3332-4855-ACC1-01A6674E991C}.Release|Any CPU.Build.0 = Release|Any CPU
		{D7CE3C4E-3332-4855-ACC1-01A6674E991C}.Release|x64.ActiveCfg = Release|Any CPU
		{D7CE3C4E-3332-4855-ACC1-01A6674E991C}.Release|x64.Build.0 = Release|Any CPU
		{D7CE3C4E-3332-4855-ACC1-01A6674E991C}.Release|x86.ActiveCfg = Release|Any CPU
		{D7CE3C4E-3332-4855-ACC1-01A6674E991C}.Release|x86.Build.0 = Release|Any CPU
	EndGlobalSection
	GlobalSection(SolutionProperties) = preSolution
		HideSolutionNode = FALSE
	EndGlobalSection
	GlobalSection(NestedProjects) = preSolution
		{36BEC183-BA3B-4FC5-96D2-A91EA9A7EA06} = {827E0CD3-B72D-47B6-A68D-7590B98EB39B}
		{B764BA73-8A59-449C-8D1A-FC2B0E188678} = {827E0CD3-B72D-47B6-A68D-7590B98EB39B}
		{6744B618-6573-4AB5-9869-A18397F75214} = {827E0CD3-B72D-47B6-A68D-7590B98EB39B}
		{8A51672C-1DC2-4BC4-B708-B1FC3696DE21} = {827E0CD3-B72D-47B6-A68D-7590B98EB39B}
		{D7CE3C4E-3332-4855-ACC1-01A6674E991C} = {827E0CD3-B72D-47B6-A68D-7590B98EB39B}
	EndGlobalSection
EndGlobal
